// !$*UTF8*$!
{
	archiveVersion = 1;
	classes = {
	};
	objectVersion = 50;
	objects = {

/* Begin PBXBuildFile section */
		7B0DEFEA217807A5001B2A81 /* AppDelegate.swift in Sources */ = {isa = PBXBuildFile; fileRef = 7B0DEFE9217807A5001B2A81 /* AppDelegate.swift */; };
		7B0DEFEC217807A5001B2A81 /* ViewController.swift in Sources */ = {isa = PBXBuildFile; fileRef = 7B0DEFEB217807A5001B2A81 /* ViewController.swift */; };
		7B0DEFEF217807A5001B2A81 /* Main.storyboard in Resources */ = {isa = PBXBuildFile; fileRef = 7B0DEFED217807A5001B2A81 /* Main.storyboard */; };
		7B0DEFF1217807A7001B2A81 /* Assets.xcassets in Resources */ = {isa = PBXBuildFile; fileRef = 7B0DEFF0217807A7001B2A81 /* Assets.xcassets */; };
		7B0DEFF4217807A7001B2A81 /* LaunchScreen.storyboard in Resources */ = {isa = PBXBuildFile; fileRef = 7B0DEFF2217807A7001B2A81 /* LaunchScreen.storyboard */; };
		7B0DF003217809B4001B2A81 /* IntentHandler.swift in Sources */ = {isa = PBXBuildFile; fileRef = 7B0DF002217809B4001B2A81 /* IntentHandler.swift */; };
		7B0DF00C217809B5001B2A81 /* IntentsUI.framework in Frameworks */ = {isa = PBXBuildFile; fileRef = 7B0DF00B217809B5001B2A81 /* IntentsUI.framework */; };
		7B0DF00F217809B5001B2A81 /* IntentViewController.swift in Sources */ = {isa = PBXBuildFile; fileRef = 7B0DF00E217809B5001B2A81 /* IntentViewController.swift */; };
		7B0DF012217809B5001B2A81 /* MainInterface.storyboard in Resources */ = {isa = PBXBuildFile; fileRef = 7B0DF010217809B5001B2A81 /* MainInterface.storyboard */; };
		7B0DF016217809B5001B2A81 /* Intents HandlerUI.appex in Embed App Extensions */ = {isa = PBXBuildFile; fileRef = 7B0DF009217809B5001B2A81 /* Intents HandlerUI.appex */; settings = {ATTRIBUTES = (RemoveHeadersOnCopy, ); }; };
		7B0DF019217809B5001B2A81 /* Intents Handler.appex in Embed App Extensions */ = {isa = PBXBuildFile; fileRef = 7B0DF000217809B4001B2A81 /* Intents Handler.appex */; settings = {ATTRIBUTES = (RemoveHeadersOnCopy, ); }; };
		7B77CFD921781FE900F0959A /* BankAccount.swift in Sources */ = {isa = PBXBuildFile; fileRef = 7B77CFD821781FE900F0959A /* BankAccount.swift */; };
		7B77CFDB2178202D00F0959A /* BankAccount.swift in Sources */ = {isa = PBXBuildFile; fileRef = 7B77CFD821781FE900F0959A /* BankAccount.swift */; };
		7B7E4ADC21797D7700997BFA /* fondofinal.jpeg in Resources */ = {isa = PBXBuildFile; fileRef = 7B7E4ADB21797D7700997BFA /* fondofinal.jpeg */; };
		DB52E013E6F59ED420FAAC99 /* Pods_Asistente.framework in Frameworks */ = {isa = PBXBuildFile; fileRef = 7CD21C061549DE4F553A27BA /* Pods_Asistente.framework */; };
		E93417F92179648300693BC7 /* DemoBaseViewController.swift in Sources */ = {isa = PBXBuildFile; fileRef = E93417F82179648300693BC7 /* DemoBaseViewController.swift */; };
		E934180021796F0700693BC7 /* PieChartViewController.xib in Resources */ = {isa = PBXBuildFile; fileRef = E93417FF21796F0700693BC7 /* PieChartViewController.xib */; };
		E95C34DF217915DF009D7C73 /* PieChartViewController.swift in Sources */ = {isa = PBXBuildFile; fileRef = E95C34DE217915DF009D7C73 /* PieChartViewController.swift */; };
/* End PBXBuildFile section */

/* Begin PBXContainerItemProxy section */
		7B0DF014217809B5001B2A81 /* PBXContainerItemProxy */ = {
			isa = PBXContainerItemProxy;
			containerPortal = 7B0DEFDE217807A5001B2A81 /* Project object */;
			proxyType = 1;
			remoteGlobalIDString = 7B0DF008217809B5001B2A81;
			remoteInfo = "Intents HandlerUI";
		};
		7B0DF017217809B5001B2A81 /* PBXContainerItemProxy */ = {
			isa = PBXContainerItemProxy;
			containerPortal = 7B0DEFDE217807A5001B2A81 /* Project object */;
			proxyType = 1;
			remoteGlobalIDString = 7B0DEFFF217809B4001B2A81;
			remoteInfo = "Intents Handler";
		};
/* End PBXContainerItemProxy section */

/* Begin PBXCopyFilesBuildPhase section */
		7B0DF020217809B5001B2A81 /* Embed App Extensions */ = {
			isa = PBXCopyFilesBuildPhase;
			buildActionMask = 2147483647;
			dstPath = "";
			dstSubfolderSpec = 13;
			files = (
				7B0DF019217809B5001B2A81 /* Intents Handler.appex in Embed App Extensions */,
				7B0DF016217809B5001B2A81 /* Intents HandlerUI.appex in Embed App Extensions */,
			);
			name = "Embed App Extensions";
			runOnlyForDeploymentPostprocessing = 0;
		};
/* End PBXCopyFilesBuildPhase section */

/* Begin PBXFileReference section */
		487D53F03564F323E9A37D10 /* Pods-Asistente.release.xcconfig */ = {isa = PBXFileReference; includeInIndex = 1; lastKnownFileType = text.xcconfig; name = "Pods-Asistente.release.xcconfig"; path = "Pods/Target Support Files/Pods-Asistente/Pods-Asistente.release.xcconfig"; sourceTree = "<group>"; };
		68E8346B1D8827BB0C38CAEA /* Pods-Asistente.debug.xcconfig */ = {isa = PBXFileReference; includeInIndex = 1; lastKnownFileType = text.xcconfig; name = "Pods-Asistente.debug.xcconfig"; path = "Pods/Target Support Files/Pods-Asistente/Pods-Asistente.debug.xcconfig"; sourceTree = "<group>"; };
		7B0DEFE6217807A5001B2A81 /* Asistente.app */ = {isa = PBXFileReference; explicitFileType = wrapper.application; includeInIndex = 0; path = Asistente.app; sourceTree = BUILT_PRODUCTS_DIR; };
		7B0DEFE9217807A5001B2A81 /* AppDelegate.swift */ = {isa = PBXFileReference; lastKnownFileType = sourcecode.swift; path = AppDelegate.swift; sourceTree = "<group>"; };
		7B0DEFEB217807A5001B2A81 /* ViewController.swift */ = {isa = PBXFileReference; lastKnownFileType = sourcecode.swift; path = ViewController.swift; sourceTree = "<group>"; };
		7B0DEFEE217807A5001B2A81 /* Base */ = {isa = PBXFileReference; lastKnownFileType = file.storyboard; name = Base; path = Base.lproj/Main.storyboard; sourceTree = "<group>"; };
		7B0DEFF0217807A7001B2A81 /* Assets.xcassets */ = {isa = PBXFileReference; lastKnownFileType = folder.assetcatalog; path = Assets.xcassets; sourceTree = "<group>"; };
		7B0DEFF3217807A7001B2A81 /* Base */ = {isa = PBXFileReference; lastKnownFileType = file.storyboard; name = Base; path = Base.lproj/LaunchScreen.storyboard; sourceTree = "<group>"; };
		7B0DEFF5217807A7001B2A81 /* Info.plist */ = {isa = PBXFileReference; lastKnownFileType = text.plist.xml; path = Info.plist; sourceTree = "<group>"; };
		7B0DEFFB21780906001B2A81 /* Asistente.entitlements */ = {isa = PBXFileReference; lastKnownFileType = text.plist.entitlements; path = Asistente.entitlements; sourceTree = "<group>"; };
		7B0DF000217809B4001B2A81 /* Intents Handler.appex */ = {isa = PBXFileReference; explicitFileType = "wrapper.app-extension"; includeInIndex = 0; path = "Intents Handler.appex"; sourceTree = BUILT_PRODUCTS_DIR; };
		7B0DF002217809B4001B2A81 /* IntentHandler.swift */ = {isa = PBXFileReference; lastKnownFileType = sourcecode.swift; path = IntentHandler.swift; sourceTree = "<group>"; };
		7B0DF004217809B4001B2A81 /* Info.plist */ = {isa = PBXFileReference; lastKnownFileType = text.plist.xml; path = Info.plist; sourceTree = "<group>"; };
		7B0DF009217809B5001B2A81 /* Intents HandlerUI.appex */ = {isa = PBXFileReference; explicitFileType = "wrapper.app-extension"; includeInIndex = 0; path = "Intents HandlerUI.appex"; sourceTree = BUILT_PRODUCTS_DIR; };
		7B0DF00B217809B5001B2A81 /* IntentsUI.framework */ = {isa = PBXFileReference; lastKnownFileType = wrapper.framework; name = IntentsUI.framework; path = System/Library/Frameworks/IntentsUI.framework; sourceTree = SDKROOT; };
		7B0DF00E217809B5001B2A81 /* IntentViewController.swift */ = {isa = PBXFileReference; lastKnownFileType = sourcecode.swift; path = IntentViewController.swift; sourceTree = "<group>"; };
		7B0DF011217809B5001B2A81 /* Base */ = {isa = PBXFileReference; lastKnownFileType = file.storyboard; name = Base; path = Base.lproj/MainInterface.storyboard; sourceTree = "<group>"; };
		7B0DF013217809B5001B2A81 /* Info.plist */ = {isa = PBXFileReference; lastKnownFileType = text.plist.xml; path = Info.plist; sourceTree = "<group>"; };
		7B77CFD821781FE900F0959A /* BankAccount.swift */ = {isa = PBXFileReference; lastKnownFileType = sourcecode.swift; path = BankAccount.swift; sourceTree = "<group>"; };
		7B7E4ADB21797D7700997BFA /* fondofinal.jpeg */ = {isa = PBXFileReference; lastKnownFileType = image.jpeg; name = fondofinal.jpeg; path = ../../Downloads/fondofinal.jpeg; sourceTree = "<group>"; };
		7CD21C061549DE4F553A27BA /* Pods_Asistente.framework */ = {isa = PBXFileReference; explicitFileType = wrapper.framework; includeInIndex = 0; path = Pods_Asistente.framework; sourceTree = BUILT_PRODUCTS_DIR; };
		E93417F82179648300693BC7 /* DemoBaseViewController.swift */ = {isa = PBXFileReference; lastKnownFileType = sourcecode.swift; path = DemoBaseViewController.swift; sourceTree = "<group>"; };
		E93417FF21796F0700693BC7 /* PieChartViewController.xib */ = {isa = PBXFileReference; lastKnownFileType = file.xib; path = PieChartViewController.xib; sourceTree = "<group>"; };
		E95C34DE217915DF009D7C73 /* PieChartViewController.swift */ = {isa = PBXFileReference; lastKnownFileType = sourcecode.swift; path = PieChartViewController.swift; sourceTree = "<group>"; };
/* End PBXFileReference section */

/* Begin PBXFrameworksBuildPhase section */
		7B0DEFE3217807A5001B2A81 /* Frameworks */ = {
			isa = PBXFrameworksBuildPhase;
			buildActionMask = 2147483647;
			files = (
				DB52E013E6F59ED420FAAC99 /* Pods_Asistente.framework in Frameworks */,
			);
			runOnlyForDeploymentPostprocessing = 0;
		};
		7B0DEFFD217809B4001B2A81 /* Frameworks */ = {
			isa = PBXFrameworksBuildPhase;
			buildActionMask = 2147483647;
			files = (
			);
			runOnlyForDeploymentPostprocessing = 0;
		};
		7B0DF006217809B5001B2A81 /* Frameworks */ = {
			isa = PBXFrameworksBuildPhase;
			buildActionMask = 2147483647;
			files = (
				7B0DF00C217809B5001B2A81 /* IntentsUI.framework in Frameworks */,
			);
			runOnlyForDeploymentPostprocessing = 0;
		};
/* End PBXFrameworksBuildPhase section */

/* Begin PBXGroup section */
		533759D2C952A7B0012B3259 /* Pods */ = {
			isa = PBXGroup;
			children = (
				68E8346B1D8827BB0C38CAEA /* Pods-Asistente.debug.xcconfig */,
				487D53F03564F323E9A37D10 /* Pods-Asistente.release.xcconfig */,
			);
			name = Pods;
			sourceTree = "<group>";
		};
		7B0DEFDD217807A5001B2A81 = {
			isa = PBXGroup;
			children = (
				7B0DEFE8217807A5001B2A81 /* Asistente */,
				7B0DF001217809B4001B2A81 /* Intents Handler */,
				7B0DF00D217809B5001B2A81 /* Intents HandlerUI */,
				7B0DF00A217809B5001B2A81 /* Frameworks */,
				7B0DEFE7217807A5001B2A81 /* Products */,
				533759D2C952A7B0012B3259 /* Pods */,
			);
			sourceTree = "<group>";
		};
		7B0DEFE7217807A5001B2A81 /* Products */ = {
			isa = PBXGroup;
			children = (
				7B0DEFE6217807A5001B2A81 /* Asistente.app */,
				7B0DF000217809B4001B2A81 /* Intents Handler.appex */,
				7B0DF009217809B5001B2A81 /* Intents HandlerUI.appex */,
			);
			name = Products;
			sourceTree = "<group>";
		};
		7B0DEFE8217807A5001B2A81 /* Asistente */ = {
			isa = PBXGroup;
			children = (
				7B7E4ADB21797D7700997BFA /* fondofinal.jpeg */,
				E95C34DB2178FE73009D7C73 /* Utils */,
				E95C34D62178FB6B009D7C73 /* ViewController */,
				7B0DEFFB21780906001B2A81 /* Asistente.entitlements */,
				7B0DEFE9217807A5001B2A81 /* AppDelegate.swift */,
				7B0DEFEB217807A5001B2A81 /* ViewController.swift */,
				7B0DEFED217807A5001B2A81 /* Main.storyboard */,
				7B0DEFF0217807A7001B2A81 /* Assets.xcassets */,
				7B0DEFF2217807A7001B2A81 /* LaunchScreen.storyboard */,
				7B0DEFF5217807A7001B2A81 /* Info.plist */,
				7B77CFD821781FE900F0959A /* BankAccount.swift */,
				E93417FF21796F0700693BC7 /* PieChartViewController.xib */,
			);
			path = Asistente;
			sourceTree = "<group>";
		};
		7B0DF001217809B4001B2A81 /* Intents Handler */ = {
			isa = PBXGroup;
			children = (
				7B0DF002217809B4001B2A81 /* IntentHandler.swift */,
				7B0DF004217809B4001B2A81 /* Info.plist */,
			);
			path = "Intents Handler";
			sourceTree = "<group>";
		};
		7B0DF00A217809B5001B2A81 /* Frameworks */ = {
			isa = PBXGroup;
			children = (
				7B0DF00B217809B5001B2A81 /* IntentsUI.framework */,
				7CD21C061549DE4F553A27BA /* Pods_Asistente.framework */,
			);
			name = Frameworks;
			sourceTree = "<group>";
		};
		7B0DF00D217809B5001B2A81 /* Intents HandlerUI */ = {
			isa = PBXGroup;
			children = (
				7B0DF00E217809B5001B2A81 /* IntentViewController.swift */,
				7B0DF010217809B5001B2A81 /* MainInterface.storyboard */,
				7B0DF013217809B5001B2A81 /* Info.plist */,
			);
			path = "Intents HandlerUI";
			sourceTree = "<group>";
		};
		E95C34D62178FB6B009D7C73 /* ViewController */ = {
			isa = PBXGroup;
			children = (
				E95C34DE217915DF009D7C73 /* PieChartViewController.swift */,
			);
			path = ViewController;
			sourceTree = "<group>";
		};
		E95C34DB2178FE73009D7C73 /* Utils */ = {
			isa = PBXGroup;
			children = (
				E93417F82179648300693BC7 /* DemoBaseViewController.swift */,
			);
			path = Utils;
			sourceTree = "<group>";
		};
/* End PBXGroup section */

/* Begin PBXNativeTarget section */
		7B0DEFE5217807A5001B2A81 /* Asistente */ = {
			isa = PBXNativeTarget;
			buildConfigurationList = 7B0DEFF8217807A7001B2A81 /* Build configuration list for PBXNativeTarget "Asistente" */;
			buildPhases = (
				347369BBE9221005409938EA /* [CP] Check Pods Manifest.lock */,
				7B0DEFE2217807A5001B2A81 /* Sources */,
				7B0DEFE3217807A5001B2A81 /* Frameworks */,
				7B0DEFE4217807A5001B2A81 /* Resources */,
				7B0DF020217809B5001B2A81 /* Embed App Extensions */,
				156B3BE88ACF6FCD67B7C16C /* [CP] Embed Pods Frameworks */,
			);
			buildRules = (
			);
			dependencies = (
				7B0DF015217809B5001B2A81 /* PBXTargetDependency */,
				7B0DF018217809B5001B2A81 /* PBXTargetDependency */,
			);
			name = Asistente;
			productName = Asistente;
			productReference = 7B0DEFE6217807A5001B2A81 /* Asistente.app */;
			productType = "com.apple.product-type.application";
		};
		7B0DEFFF217809B4001B2A81 /* Intents Handler */ = {
			isa = PBXNativeTarget;
			buildConfigurationList = 7B0DF01D217809B5001B2A81 /* Build configuration list for PBXNativeTarget "Intents Handler" */;
			buildPhases = (
				7B0DEFFC217809B4001B2A81 /* Sources */,
				7B0DEFFD217809B4001B2A81 /* Frameworks */,
				7B0DEFFE217809B4001B2A81 /* Resources */,
			);
			buildRules = (
			);
			dependencies = (
			);
			name = "Intents Handler";
			productName = "Intents Handler";
			productReference = 7B0DF000217809B4001B2A81 /* Intents Handler.appex */;
			productType = "com.apple.product-type.app-extension";
		};
		7B0DF008217809B5001B2A81 /* Intents HandlerUI */ = {
			isa = PBXNativeTarget;
			buildConfigurationList = 7B0DF01A217809B5001B2A81 /* Build configuration list for PBXNativeTarget "Intents HandlerUI" */;
			buildPhases = (
				7B0DF005217809B5001B2A81 /* Sources */,
				7B0DF006217809B5001B2A81 /* Frameworks */,
				7B0DF007217809B5001B2A81 /* Resources */,
			);
			buildRules = (
			);
			dependencies = (
			);
			name = "Intents HandlerUI";
			productName = "Intents HandlerUI";
			productReference = 7B0DF009217809B5001B2A81 /* Intents HandlerUI.appex */;
			productType = "com.apple.product-type.app-extension";
		};
/* End PBXNativeTarget section */

/* Begin PBXProject section */
		7B0DEFDE217807A5001B2A81 /* Project object */ = {
			isa = PBXProject;
			attributes = {
				LastSwiftUpdateCheck = 1000;
				LastUpgradeCheck = 1000;
				ORGANIZATIONNAME = "Leydy Alzate";
				TargetAttributes = {
					7B0DEFE5217807A5001B2A81 = {
						CreatedOnToolsVersion = 10.0;
						SystemCapabilities = {
							com.apple.ApplicationGroups.iOS = {
								enabled = 1;
							};
							com.apple.Siri = {
								enabled = 1;
							};
						};
					};
					7B0DEFFF217809B4001B2A81 = {
						CreatedOnToolsVersion = 10.0;
					};
					7B0DF008217809B5001B2A81 = {
						CreatedOnToolsVersion = 10.0;
					};
				};
			};
			buildConfigurationList = 7B0DEFE1217807A5001B2A81 /* Build configuration list for PBXProject "Asistente" */;
			compatibilityVersion = "Xcode 9.3";
			developmentRegion = en;
			hasScannedForEncodings = 0;
			knownRegions = (
				en,
				Base,
			);
			mainGroup = 7B0DEFDD217807A5001B2A81;
			productRefGroup = 7B0DEFE7217807A5001B2A81 /* Products */;
			projectDirPath = "";
			projectRoot = "";
			targets = (
				7B0DEFE5217807A5001B2A81 /* Asistente */,
				7B0DEFFF217809B4001B2A81 /* Intents Handler */,
				7B0DF008217809B5001B2A81 /* Intents HandlerUI */,
			);
		};
/* End PBXProject section */

/* Begin PBXResourcesBuildPhase section */
		7B0DEFE4217807A5001B2A81 /* Resources */ = {
			isa = PBXResourcesBuildPhase;
			buildActionMask = 2147483647;
			files = (
				7B0DEFF4217807A7001B2A81 /* LaunchScreen.storyboard in Resources */,
				7B0DEFF1217807A7001B2A81 /* Assets.xcassets in Resources */,
				7B7E4ADC21797D7700997BFA /* fondofinal.jpeg in Resources */,
				E934180021796F0700693BC7 /* PieChartViewController.xib in Resources */,
				7B0DEFEF217807A5001B2A81 /* Main.storyboard in Resources */,
			);
			runOnlyForDeploymentPostprocessing = 0;
		};
		7B0DEFFE217809B4001B2A81 /* Resources */ = {
			isa = PBXResourcesBuildPhase;
			buildActionMask = 2147483647;
			files = (
			);
			runOnlyForDeploymentPostprocessing = 0;
		};
		7B0DF007217809B5001B2A81 /* Resources */ = {
			isa = PBXResourcesBuildPhase;
			buildActionMask = 2147483647;
			files = (
				7B0DF012217809B5001B2A81 /* MainInterface.storyboard in Resources */,
			);
			runOnlyForDeploymentPostprocessing = 0;
		};
/* End PBXResourcesBuildPhase section */

/* Begin PBXShellScriptBuildPhase section */
		156B3BE88ACF6FCD67B7C16C /* [CP] Embed Pods Frameworks */ = {
			isa = PBXShellScriptBuildPhase;
			buildActionMask = 2147483647;
			files = (
			);
			inputFileListPaths = (
			);
			inputPaths = (
				"${SRCROOT}/Pods/Target Support Files/Pods-Asistente/Pods-Asistente-frameworks.sh",
				"${BUILT_PRODUCTS_DIR}/Charts/Charts.framework",
			);
			name = "[CP] Embed Pods Frameworks";
			outputFileListPaths = (
			);
			outputPaths = (
				"${TARGET_BUILD_DIR}/${FRAMEWORKS_FOLDER_PATH}/Charts.framework",
			);
			runOnlyForDeploymentPostprocessing = 0;
			shellPath = /bin/sh;
			shellScript = "\"${SRCROOT}/Pods/Target Support Files/Pods-Asistente/Pods-Asistente-frameworks.sh\"\n";
			showEnvVarsInLog = 0;
		};
		347369BBE9221005409938EA /* [CP] Check Pods Manifest.lock */ = {
			isa = PBXShellScriptBuildPhase;
			buildActionMask = 2147483647;
			files = (
			);
			inputFileListPaths = (
			);
			inputPaths = (
				"${PODS_PODFILE_DIR_PATH}/Podfile.lock",
				"${PODS_ROOT}/Manifest.lock",
			);
			name = "[CP] Check Pods Manifest.lock";
			outputFileListPaths = (
			);
			outputPaths = (
				"$(DERIVED_FILE_DIR)/Pods-Asistente-checkManifestLockResult.txt",
			);
			runOnlyForDeploymentPostprocessing = 0;
			shellPath = /bin/sh;
			shellScript = "diff \"${PODS_PODFILE_DIR_PATH}/Podfile.lock\" \"${PODS_ROOT}/Manifest.lock\" > /dev/null\nif [ $? != 0 ] ; then\n    # print error to STDERR\n    echo \"error: The sandbox is not in sync with the Podfile.lock. Run 'pod install' or update your CocoaPods installation.\" >&2\n    exit 1\nfi\n# This output is used by Xcode 'outputs' to avoid re-running this script phase.\necho \"SUCCESS\" > \"${SCRIPT_OUTPUT_FILE_0}\"\n";
			showEnvVarsInLog = 0;
		};
/* End PBXShellScriptBuildPhase section */

/* Begin PBXSourcesBuildPhase section */
		7B0DEFE2217807A5001B2A81 /* Sources */ = {
			isa = PBXSourcesBuildPhase;
			buildActionMask = 2147483647;
			files = (
				E93417F92179648300693BC7 /* DemoBaseViewController.swift in Sources */,
				E95C34DF217915DF009D7C73 /* PieChartViewController.swift in Sources */,
				7B0DEFEC217807A5001B2A81 /* ViewController.swift in Sources */,
				7B77CFD921781FE900F0959A /* BankAccount.swift in Sources */,
				7B0DEFEA217807A5001B2A81 /* AppDelegate.swift in Sources */,
			);
			runOnlyForDeploymentPostprocessing = 0;
		};
		7B0DEFFC217809B4001B2A81 /* Sources */ = {
			isa = PBXSourcesBuildPhase;
			buildActionMask = 2147483647;
			files = (
				7B0DF003217809B4001B2A81 /* IntentHandler.swift in Sources */,
				7B77CFDB2178202D00F0959A /* BankAccount.swift in Sources */,
			);
			runOnlyForDeploymentPostprocessing = 0;
		};
		7B0DF005217809B5001B2A81 /* Sources */ = {
			isa = PBXSourcesBuildPhase;
			buildActionMask = 2147483647;
			files = (
				7B0DF00F217809B5001B2A81 /* IntentViewController.swift in Sources */,
			);
			runOnlyForDeploymentPostprocessing = 0;
		};
/* End PBXSourcesBuildPhase section */

/* Begin PBXTargetDependency section */
		7B0DF015217809B5001B2A81 /* PBXTargetDependency */ = {
			isa = PBXTargetDependency;
			target = 7B0DF008217809B5001B2A81 /* Intents HandlerUI */;
			targetProxy = 7B0DF014217809B5001B2A81 /* PBXContainerItemProxy */;
		};
		7B0DF018217809B5001B2A81 /* PBXTargetDependency */ = {
			isa = PBXTargetDependency;
			target = 7B0DEFFF217809B4001B2A81 /* Intents Handler */;
			targetProxy = 7B0DF017217809B5001B2A81 /* PBXContainerItemProxy */;
		};
/* End PBXTargetDependency section */

/* Begin PBXVariantGroup section */
		7B0DEFED217807A5001B2A81 /* Main.storyboard */ = {
			isa = PBXVariantGroup;
			children = (
				7B0DEFEE217807A5001B2A81 /* Base */,
			);
			name = Main.storyboard;
			sourceTree = "<group>";
		};
		7B0DEFF2217807A7001B2A81 /* LaunchScreen.storyboard */ = {
			isa = PBXVariantGroup;
			children = (
				7B0DEFF3217807A7001B2A81 /* Base */,
			);
			name = LaunchScreen.storyboard;
			sourceTree = "<group>";
		};
		7B0DF010217809B5001B2A81 /* MainInterface.storyboard */ = {
			isa = PBXVariantGroup;
			children = (
				7B0DF011217809B5001B2A81 /* Base */,
			);
			name = MainInterface.storyboard;
			sourceTree = "<group>";
		};
/* End PBXVariantGroup section */

/* Begin XCBuildConfiguration section */
		7B0DEFF6217807A7001B2A81 /* Debug */ = {
			isa = XCBuildConfiguration;
			buildSettings = {
				ALWAYS_SEARCH_USER_PATHS = NO;
				CLANG_ANALYZER_NONNULL = YES;
				CLANG_ANALYZER_NUMBER_OBJECT_CONVERSION = YES_AGGRESSIVE;
				CLANG_CXX_LANGUAGE_STANDARD = "gnu++14";
				CLANG_CXX_LIBRARY = "libc++";
				CLANG_ENABLE_MODULES = YES;
				CLANG_ENABLE_OBJC_ARC = YES;
				CLANG_ENABLE_OBJC_WEAK = YES;
				CLANG_WARN_BLOCK_CAPTURE_AUTORELEASING = YES;
				CLANG_WARN_BOOL_CONVERSION = YES;
				CLANG_WARN_COMMA = YES;
				CLANG_WARN_CONSTANT_CONVERSION = YES;
				CLANG_WARN_DEPRECATED_OBJC_IMPLEMENTATIONS = YES;
				CLANG_WARN_DIRECT_OBJC_ISA_USAGE = YES_ERROR;
				CLANG_WARN_DOCUMENTATION_COMMENTS = YES;
				CLANG_WARN_EMPTY_BODY = YES;
				CLANG_WARN_ENUM_CONVERSION = YES;
				CLANG_WARN_INFINITE_RECURSION = YES;
				CLANG_WARN_INT_CONVERSION = YES;
				CLANG_WARN_NON_LITERAL_NULL_CONVERSION = YES;
				CLANG_WARN_OBJC_IMPLICIT_RETAIN_SELF = YES;
				CLANG_WARN_OBJC_LITERAL_CONVERSION = YES;
				CLANG_WARN_OBJC_ROOT_CLASS = YES_ERROR;
				CLANG_WARN_RANGE_LOOP_ANALYSIS = YES;
				CLANG_WARN_STRICT_PROTOTYPES = YES;
				CLANG_WARN_SUSPICIOUS_MOVE = YES;
				CLANG_WARN_UNGUARDED_AVAILABILITY = YES_AGGRESSIVE;
				CLANG_WARN_UNREACHABLE_CODE = YES;
				CLANG_WARN__DUPLICATE_METHOD_MATCH = YES;
				CODE_SIGN_IDENTITY = "iPhone Developer";
				COPY_PHASE_STRIP = NO;
				DEBUG_INFORMATION_FORMAT = dwarf;
				ENABLE_STRICT_OBJC_MSGSEND = YES;
				ENABLE_TESTABILITY = YES;
				GCC_C_LANGUAGE_STANDARD = gnu11;
				GCC_DYNAMIC_NO_PIC = NO;
				GCC_NO_COMMON_BLOCKS = YES;
				GCC_OPTIMIZATION_LEVEL = 0;
				GCC_PREPROCESSOR_DEFINITIONS = (
					"DEBUG=1",
					"$(inherited)",
				);
				GCC_WARN_64_TO_32_BIT_CONVERSION = YES;
				GCC_WARN_ABOUT_RETURN_TYPE = YES_ERROR;
				GCC_WARN_UNDECLARED_SELECTOR = YES;
				GCC_WARN_UNINITIALIZED_AUTOS = YES_AGGRESSIVE;
				GCC_WARN_UNUSED_FUNCTION = YES;
				GCC_WARN_UNUSED_VARIABLE = YES;
				IPHONEOS_DEPLOYMENT_TARGET = 12.0;
				MTL_ENABLE_DEBUG_INFO = INCLUDE_SOURCE;
				MTL_FAST_MATH = YES;
				ONLY_ACTIVE_ARCH = YES;
				SDKROOT = iphoneos;
				SWIFT_ACTIVE_COMPILATION_CONDITIONS = DEBUG;
				SWIFT_OPTIMIZATION_LEVEL = "-Onone";
			};
			name = Debug;
		};
		7B0DEFF7217807A7001B2A81 /* Release */ = {
			isa = XCBuildConfiguration;
			buildSettings = {
				ALWAYS_SEARCH_USER_PATHS = NO;
				CLANG_ANALYZER_NONNULL = YES;
				CLANG_ANALYZER_NUMBER_OBJECT_CONVERSION = YES_AGGRESSIVE;
				CLANG_CXX_LANGUAGE_STANDARD = "gnu++14";
				CLANG_CXX_LIBRARY = "libc++";
				CLANG_ENABLE_MODULES = YES;
				CLANG_ENABLE_OBJC_ARC = YES;
				CLANG_ENABLE_OBJC_WEAK = YES;
				CLANG_WARN_BLOCK_CAPTURE_AUTORELEASING = YES;
				CLANG_WARN_BOOL_CONVERSION = YES;
				CLANG_WARN_COMMA = YES;
				CLANG_WARN_CONSTANT_CONVERSION = YES;
				CLANG_WARN_DEPRECATED_OBJC_IMPLEMENTATIONS = YES;
				CLANG_WARN_DIRECT_OBJC_ISA_USAGE = YES_ERROR;
				CLANG_WARN_DOCUMENTATION_COMMENTS = YES;
				CLANG_WARN_EMPTY_BODY = YES;
				CLANG_WARN_ENUM_CONVERSION = YES;
				CLANG_WARN_INFINITE_RECURSION = YES;
				CLANG_WARN_INT_CONVERSION = YES;
				CLANG_WARN_NON_LITERAL_NULL_CONVERSION = YES;
				CLANG_WARN_OBJC_IMPLICIT_RETAIN_SELF = YES;
				CLANG_WARN_OBJC_LITERAL_CONVERSION = YES;
				CLANG_WARN_OBJC_ROOT_CLASS = YES_ERROR;
				CLANG_WARN_RANGE_LOOP_ANALYSIS = YES;
				CLANG_WARN_STRICT_PROTOTYPES = YES;
				CLANG_WARN_SUSPICIOUS_MOVE = YES;
				CLANG_WARN_UNGUARDED_AVAILABILITY = YES_AGGRESSIVE;
				CLANG_WARN_UNREACHABLE_CODE = YES;
				CLANG_WARN__DUPLICATE_METHOD_MATCH = YES;
				CODE_SIGN_IDENTITY = "iPhone Developer";
				COPY_PHASE_STRIP = NO;
				DEBUG_INFORMATION_FORMAT = "dwarf-with-dsym";
				ENABLE_NS_ASSERTIONS = NO;
				ENABLE_STRICT_OBJC_MSGSEND = YES;
				GCC_C_LANGUAGE_STANDARD = gnu11;
				GCC_NO_COMMON_BLOCKS = YES;
				GCC_WARN_64_TO_32_BIT_CONVERSION = YES;
				GCC_WARN_ABOUT_RETURN_TYPE = YES_ERROR;
				GCC_WARN_UNDECLARED_SELECTOR = YES;
				GCC_WARN_UNINITIALIZED_AUTOS = YES_AGGRESSIVE;
				GCC_WARN_UNUSED_FUNCTION = YES;
				GCC_WARN_UNUSED_VARIABLE = YES;
				IPHONEOS_DEPLOYMENT_TARGET = 12.0;
				MTL_ENABLE_DEBUG_INFO = NO;
				MTL_FAST_MATH = YES;
				SDKROOT = iphoneos;
				SWIFT_COMPILATION_MODE = wholemodule;
				SWIFT_OPTIMIZATION_LEVEL = "-O";
				VALIDATE_PRODUCT = YES;
			};
			name = Release;
		};
		7B0DEFF9217807A7001B2A81 /* Debug */ = {
			isa = XCBuildConfiguration;
			baseConfigurationReference = 68E8346B1D8827BB0C38CAEA /* Pods-Asistente.debug.xcconfig */;
			buildSettings = {
				ALWAYS_EMBED_SWIFT_STANDARD_LIBRARIES = YES;
				ASSETCATALOG_COMPILER_APPICON_NAME = AppIcon;
				CODE_SIGN_ENTITLEMENTS = Asistente/Asistente.entitlements;
				CODE_SIGN_STYLE = Automatic;
				DEVELOPMENT_TEAM = 925Y77FG78;
				INFOPLIST_FILE = Asistente/Info.plist;
				LD_RUNPATH_SEARCH_PATHS = (
					"$(inherited)",
					"@executable_path/Frameworks",
				);
				PRODUCT_BUNDLE_IDENTIFIER = "-25Y77FG78.co.com.bancolombia.eliza";
				PRODUCT_NAME = "$(TARGET_NAME)";
				SWIFT_VERSION = 4.2;
				TARGETED_DEVICE_FAMILY = "1,2";
			};
			name = Debug;
		};
		7B0DEFFA217807A7001B2A81 /* Release */ = {
			isa = XCBuildConfiguration;
			baseConfigurationReference = 487D53F03564F323E9A37D10 /* Pods-Asistente.release.xcconfig */;
			buildSettings = {
				ALWAYS_EMBED_SWIFT_STANDARD_LIBRARIES = YES;
				ASSETCATALOG_COMPILER_APPICON_NAME = AppIcon;
				CODE_SIGN_ENTITLEMENTS = Asistente/Asistente.entitlements;
				CODE_SIGN_STYLE = Automatic;
				DEVELOPMENT_TEAM = 925Y77FG78;
				INFOPLIST_FILE = Asistente/Info.plist;
				LD_RUNPATH_SEARCH_PATHS = (
					"$(inherited)",
					"@executable_path/Frameworks",
				);
				PRODUCT_BUNDLE_IDENTIFIER = "-25Y77FG78.co.com.bancolombia.eliza";
				PRODUCT_NAME = "$(TARGET_NAME)";
				SWIFT_VERSION = 4.2;
				TARGETED_DEVICE_FAMILY = "1,2";
			};
			name = Release;
		};
		7B0DF01B217809B5001B2A81 /* Debug */ = {
			isa = XCBuildConfiguration;
			buildSettings = {
				CODE_SIGN_STYLE = Automatic;
				DEVELOPMENT_TEAM = 925Y77FG78;
				INFOPLIST_FILE = "Intents HandlerUI/Info.plist";
				LD_RUNPATH_SEARCH_PATHS = (
					"$(inherited)",
					"@executable_path/Frameworks",
					"@executable_path/../../Frameworks",
				);
				PRODUCT_BUNDLE_IDENTIFIER = "-25Y77FG78.co.com.bancolombia.eliza.Intents-HandlerUI";
				PRODUCT_NAME = "$(TARGET_NAME)";
				SKIP_INSTALL = YES;
				SWIFT_VERSION = 4.2;
				TARGETED_DEVICE_FAMILY = "1,2";
			};
			name = Debug;
		};
		7B0DF01C217809B5001B2A81 /* Release */ = {
			isa = XCBuildConfiguration;
			buildSettings = {
				CODE_SIGN_STYLE = Automatic;
				DEVELOPMENT_TEAM = 925Y77FG78;
				INFOPLIST_FILE = "Intents HandlerUI/Info.plist";
				LD_RUNPATH_SEARCH_PATHS = (
					"$(inherited)",
					"@executable_path/Frameworks",
					"@executable_path/../../Frameworks",
				);
				PRODUCT_BUNDLE_IDENTIFIER = "-25Y77FG78.co.com.bancolombia.eliza.Intents-HandlerUI";
				PRODUCT_NAME = "$(TARGET_NAME)";
				SKIP_INSTALL = YES;
				SWIFT_VERSION = 4.2;
				TARGETED_DEVICE_FAMILY = "1,2";
			};
			name = Release;
		};
		7B0DF01E217809B5001B2A81 /* Debug */ = {
			isa = XCBuildConfiguration;
			buildSettings = {
				CODE_SIGN_STYLE = Automatic;
				DEVELOPMENT_TEAM = 925Y77FG78;
				INFOPLIST_FILE = "Intents Handler/Info.plist";
				LD_RUNPATH_SEARCH_PATHS = (
					"$(inherited)",
					"@executable_path/Frameworks",
					"@executable_path/../../Frameworks",
				);
				PRODUCT_BUNDLE_IDENTIFIER = "-25Y77FG78.co.com.bancolombia.eliza.Intents-Handler";
				PRODUCT_NAME = "$(TARGET_NAME)";
				SKIP_INSTALL = YES;
				SWIFT_VERSION = 4.2;
				TARGETED_DEVICE_FAMILY = "1,2";
			};
			name = Debug;
		};
		7B0DF01F217809B5001B2A81 /* Release */ = {
			isa = XCBuildConfiguration;
			buildSettings = {
				CODE_SIGN_STYLE = Automatic;
				DEVELOPMENT_TEAM = 925Y77FG78;
				INFOPLIST_FILE = "Intents Handler/Info.plist";
				LD_RUNPATH_SEARCH_PATHS = (
					"$(inherited)",
					"@executable_path/Frameworks",
					"@executable_path/../../Frameworks",
				);
				PRODUCT_BUNDLE_IDENTIFIER = "-25Y77FG78.co.com.bancolombia.eliza.Intents-Handler";
				PRODUCT_NAME = "$(TARGET_NAME)";
				SKIP_INSTALL = YES;
				SWIFT_VERSION = 4.2;
				TARGETED_DEVICE_FAMILY = "1,2";
			};
			name = Release;
		};
/* End XCBuildConfiguration section */

/* Begin XCConfigurationList section */
		7B0DEFE1217807A5001B2A81 /* Build configuration list for PBXProject "Asistente" */ = {
			isa = XCConfigurationList;
			buildConfigurations = (
				7B0DEFF6217807A7001B2A81 /* Debug */,
				7B0DEFF7217807A7001B2A81 /* Release */,
			);
			defaultConfigurationIsVisible = 0;
			defaultConfigurationName = Release;
		};
		7B0DEFF8217807A7001B2A81 /* Build configuration list for PBXNativeTarget "Asistente" */ = {
			isa = XCConfigurationList;
			buildConfigurations = (
				7B0DEFF9217807A7001B2A81 /* Debug */,
				7B0DEFFA217807A7001B2A81 /* Release */,
			);
			defaultConfigurationIsVisible = 0;
			defaultConfigurationName = Release;
		};
		7B0DF01A217809B5001B2A81 /* Build configuration list for PBXNativeTarget "Intents HandlerUI" */ = {
			isa = XCConfigurationList;
			buildConfigurations = (
				7B0DF01B217809B5001B2A81 /* Debug */,
				7B0DF01C217809B5001B2A81 /* Release */,
			);
			defaultConfigurationIsVisible = 0;
			defaultConfigurationName = Release;
		};
		7B0DF01D217809B5001B2A81 /* Build configuration list for PBXNativeTarget "Intents Handler" */ = {
			isa = XCConfigurationList;
			buildConfigurations = (
				7B0DF01E217809B5001B2A81 /* Debug */,
				7B0DF01F217809B5001B2A81 /* Release */,
			);
			defaultConfigurationIsVisible = 0;
			defaultConfigurationName = Release;
		};
/* End XCConfigurationList section */
	};
	rootObject = 7B0DEFDE217807A5001B2A81 /* Project object */;
}
